
Microsoft Visual Studio Solution File, Format Version 12.00
# Visual Studio Version 17
VisualStudioVersion = 17.6.33815.320
MinimumVisualStudioVersion = 10.0.40219.1
Project("{FAE04EC0-301F-11D3-BF4B-00C04F79EFBC}") = "Assignment9", "Assignment9.csproj", "{4D105DAC-3C0F-4A5D-AFF5-EC5342B23181}"
EndProject
Global
	GlobalSection(SolutionConfigurationPlatforms) = preSolution
		Debug|Any CPU = Debug|Any CPU
		Release|Any CPU = Release|Any CPU
	EndGlobalSection
	GlobalSection(ProjectConfigurationPlatforms) = postSolution
		{4D105DAC-3C0F-4A5D-AFF5-EC5342B23181}.Debug|Any CPU.ActiveCfg = Debug|Any CPU
		{4D105DAC-3C0F-4A5D-AFF5-EC5342B23181}.Debug|Any CPU.Build.0 = Debug|Any CPU
		{4D105DAC-3C0F-4A5D-AFF5-EC5342B23181}.Release|Any CPU.ActiveCfg = Release|Any CPU
		{4D105DAC-3C0F-4A5D-AFF5-EC5342B23181}.Release|Any CPU.Build.0 = Release|Any CPU
	EndGlobalSection
	GlobalSection(SolutionProperties) = preSolution
		HideSolutionNode = FALSE
	EndGlobalSection
	GlobalSection(ExtensibilityGlobals) = postSolution
		SolutionGuid = {C6EB8B6B-2C27-4FD1-8F3E-060B73BDD60A}
	EndGlobalSection
EndGlobal
